// !$*UTF8*$!
{
	archiveVersion = 1;
	classes = {
	};
	objectVersion = 50;
	objects = {

/* Begin PBXBuildFile section */
		15988FB0216ED5C300C120FF /* AppDelegate.m in Sources */ = {isa = PBXBuildFile; fileRef = 15988FAF216ED5C300C120FF /* AppDelegate.m */; };
		15988FB3216ED5C300C120FF /* ViewController.m in Sources */ = {isa = PBXBuildFile; fileRef = 15988FB2216ED5C300C120FF /* ViewController.m */; };
		15988FB6216ED5C300C120FF /* Main.storyboard in Resources */ = {isa = PBXBuildFile; fileRef = 15988FB4216ED5C300C120FF /* Main.storyboard */; };
		15988FB8216ED5C700C120FF /* Assets.xcassets in Resources */ = {isa = PBXBuildFile; fileRef = 15988FB7216ED5C700C120FF /* Assets.xcassets */; };
		15988FBB216ED5C700C120FF /* LaunchScreen.storyboard in Resources */ = {isa = PBXBuildFile; fileRef = 15988FB9216ED5C700C120FF /* LaunchScreen.storyboard */; };
		15988FBE216ED5C700C120FF /* main.m in Sources */ = {isa = PBXBuildFile; fileRef = 15988FBD216ED5C700C120FF /* main.m */; };
/* End PBXBuildFile section */

/* Begin PBXFileReference section */
		15988FAB216ED5C300C120FF /* gitCSText.app */ = {isa = PBXFileReference; explicitFileType = wrapper.application; includeInIndex = 0; path = gitCSText.app; sourceTree = BUILT_PRODUCTS_DIR; };
		15988FAE216ED5C300C120FF /* AppDelegate.h */ = {isa = PBXFileReference; lastKnownFileType = sourcecode.c.h; path = AppDelegate.h; sourceTree = "<group>"; };
		15988FAF216ED5C300C120FF /* AppDelegate.m */ = {isa = PBXFileReference; lastKnownFileType = sourcecode.c.objc; path = AppDelegate.m; sourceTree = "<group>"; };
		15988FB1216ED5C300C120FF /* ViewController.h */ = {isa = PBXFileReference; lastKnownFileType = sourcecode.c.h; path = ViewController.h; sourceTree = "<group>"; };
		15988FB2216ED5C300C120FF /* ViewController.m */ = {isa = PBXFileReference; lastKnownFileType = sourcecode.c.objc; path = ViewController.m; sourceTree = "<group>"; };
		15988FB5216ED5C300C120FF /* Base */ = {isa = PBXFileReference; lastKnownFileType = file.storyboard; name = Base; path = Base.lproj/Main.storyboard; sourceTree = "<group>"; };
		15988FB7216ED5C700C120FF /* Assets.xcassets */ = {isa = PBXFileReference; lastKnownFileType = folder.assetcatalog; path = Assets.xcassets; sourceTree = "<group>"; };
		15988FBA216ED5C700C120FF /* Base */ = {isa = PBXFileReference; lastKnownFileType = file.storyboard; name = Base; path = Base.lproj/LaunchScreen.storyboard; sourceTree = "<group>"; };
		15988FBC216ED5C700C120FF /* Info.plist */ = {isa = PBXFileReference; lastKnownFileType = text.plist.xml; path = Info.plist; sourceTree = "<group>"; };
		15988FBD216ED5C700C120FF /* main.m */ = {isa = PBXFileReference; lastKnownFileType = sourcecode.c.objc; path = main.m; sourceTree = "<group>"; };
/* End PBXFileReference section */

/* Begin PBXFrameworksBuildPhase section */
		15988FA8216ED5C300C120FF /* Frameworks */ = {
			isa = PBXFrameworksBuildPhase;
			buildActionMask = 2147483647;
			files = (
			);
			runOnlyForDeploymentPostprocessing = 0;
		};
/* End PBXFrameworksBuildPhase section */

/* Begin PBXGroup section */
		15988FA2216ED5C300C120FF = {
			isa = PBXGroup;
			children = (
				15988FAD216ED5C300C120FF /* gitCSText */,
				15988FAC216ED5C300C120FF /* Products */,
			);
			sourceTree = "<group>";
		};
		15988FAC216ED5C300C120FF /* Products */ = {
			isa = PBXGroup;
			children = (
				15988FAB216ED5C300C120FF /* gitCSText.app */,
			);
			name = Products;
			sourceTree = "<group>";
		};
		15988FAD216ED5C300C120FF /* gitCSText */ = {
			isa = PBXGroup;
			children = (
				15988FAE216ED5C300C120FF /* AppDelegate.h */,
				15988FAF216ED5C300C120FF /* AppDelegate.m */,
				15988FB1216ED5C300C120FF /* ViewController.h */,
				15988FB2216ED5C300C120FF /* ViewController.m */,
				15988FB4216ED5C300C120FF /* Main.storyboard */,
				15988FB7216ED5C700C120FF /* Assets.xcassets */,
				15988FB9216ED5C700C120FF /* LaunchScreen.storyboard */,
				15988FBC216ED5C700C120FF /* Info.plist */,
				15988FBD216ED5C700C120FF /* main.m */,
			);
			path = gitCSText;
			sourceTree = "<group>";
		};
/* End PBXGroup section */

/* Begin PBXNativeTarget section */
		15988FAA216ED5C300C120FF /* gitCSText */ = {
			isa = PBXNativeTarget;
			buildConfigurationList = 15988FC1216ED5C700C120FF /* Build configuration list for PBXNativeTarget "gitCSText" */;
			buildPhases = (
				15988FA7216ED5C300C120FF /* Sources */,
				15988FA8216ED5C300C120FF /* Frameworks */,
				15988FA9216ED5C300C120FF /* Resources */,
			);
			buildRules = (
			);
			dependencies = (
			);
			name = gitCSText;
			productName = gitCSText;
			productReference = 15988FAB216ED5C300C120FF /* gitCSText.app */;
			productType = "com.apple.product-type.application";
		};
/* End PBXNativeTarget section */

/* Begin PBXProject section */
		15988FA3216ED5C300C120FF /* Project object */ = {
			isa = PBXProject;
			attributes = {
				LastUpgradeCheck = 0940;
				ORGANIZATIONNAME = dqf;
				TargetAttributes = {
					15988FAA216ED5C300C120FF = {
						CreatedOnToolsVersion = 9.4.1;
					};
				};
			};
			buildConfigurationList = 15988FA6216ED5C300C120FF /* Build configuration list for PBXProject "gitCSText" */;
			compatibilityVersion = "Xcode 9.3";
			developmentRegion = en;
			hasScannedForEncodings = 0;
			knownRegions = (
				en,
				Base,
			);
			mainGroup = 15988FA2216ED5C300C120FF;
			productRefGroup = 15988FAC216ED5C300C120FF /* Products */;
			projectDirPath = "";
			projectRoot = "";
			targets = (
				15988FAA216ED5C300C120FF /* gitCSText */,
			);
		};
/* End PBXProject section */

/* Begin PBXResourcesBuildPhase section */
		15988FA9216ED5C300C120FF /* Resources */ = {
			isa = PBXResourcesBuildPhase;
			buildActionMask = 2147483647;
			files = (
				15988FBB216ED5C700C120FF /* LaunchScreen.storyboard in Resources */,
				15988FB8216ED5C700C120FF /* Assets.xcassets in Resources */,
				15988FB6216ED5C300C120FF /* Main.storyboard in Resources */,
			);
			runOnlyForDeploymentPostprocessing = 0;
		};
/* End PBXResourcesBuildPhase section */

/* Begin PBXSourcesBuildPhase section */
		15988FA7216ED5C300C120FF /* Sources */ = {
			isa = PBXSourcesBuildPhase;
			buildActionMask = 2147483647;
			files = (
				15988FB3216ED5C300C120FF /* ViewController.m in Sources */,
				15988FBE216ED5C700C120FF /* main.m in Sources */,
				15988FB0216ED5C300C120FF /* AppDelegate.m in Sources */,
			);
			runOnlyForDeploymentPostprocessing = 0;
		};
/* End PBXSourcesBuildPhase section */

/* Begin PBXVariantGroup section */
		15988FB4216ED5C300C120FF /* Main.storyboard */ = {
			isa = PBXVariantGroup;
			children = (
				15988FB5216ED5C300C120FF /* Base */,
			);
			name = Main.storyboard;
			sourceTree = "<group>";
		};
		15988FB9216ED5C700C120FF /* LaunchScreen.storyboard */ = {
			isa = PBXVariantGroup;
			children = (
				15988FBA216ED5C700C120FF /* Base */,
			);
			name = LaunchScreen.storyboard;
			sourceTree = "<group>";
		};
/* End PBXVariantGroup section */

/* Begin XCBuildConfiguration section */
		15988FBF216ED5C700C120FF /* Debug */ = {
			isa = XCBuildConfiguration;
			buildSettings = {
				ALWAYS_SEARCH_USER_PATHS = NO;
				CLANG_ANALYZER_NONNULL = YES;
				CLANG_ANALYZER_NUMBER_OBJECT_CONVERSION = YES_AGGRESSIVE;
				CLANG_CXX_LANGUAGE_STANDARD = "gnu++14";
				CLANG_CXX_LIBRARY = "libc++";
				CLANG_ENABLE_MODULES = YES;
				CLANG_ENABLE_OBJC_ARC = YES;
				CLANG_ENABLE_OBJC_WEAK = YES;
				CLANG_WARN_BLOCK_CAPTURE_AUTORELEASING = YES;
				CLANG_WARN_BOOL_CONVERSION = YES;
				CLANG_WARN_COMMA = YES;
				CLANG_WARN_CONSTANT_CONVERSION = YES;
				CLANG_WARN_DEPRECATED_OBJC_IMPLEMENTATIONS = YES;
				CLANG_WARN_DIRECT_OBJC_ISA_USAGE = YES_ERROR;
				CLANG_WARN_DOCUMENTATION_COMMENTS = YES;
				CLANG_WARN_EMPTY_BODY = YES;
				CLANG_WARN_ENUM_CONVERSION = YES;
				CLANG_WARN_INFINITE_RECURSION = YES;
				CLANG_WARN_INT_CONVERSION = YES;
				CLANG_WARN_NON_LITERAL_NULL_CONVERSION = YES;
				CLANG_WARN_OBJC_IMPLICIT_RETAIN_SELF = YES;
				CLANG_WARN_OBJC_LITERAL_CONVERSION = YES;
				CLANG_WARN_OBJC_ROOT_CLASS = YES_ERROR;
				CLANG_WARN_RANGE_LOOP_ANALYSIS = YES;
				CLANG_WARN_STRICT_PROTOTYPES = YES;
				CLANG_WARN_SUSPICIOUS_MOVE = YES;
				CLANG_WARN_UNGUARDED_AVAILABILITY = YES_AGGRESSIVE;
				CLANG_WARN_UNREACHABLE_CODE = YES;
				CLANG_WARN__DUPLICATE_METHOD_MATCH = YES;
				CODE_SIGN_IDENTITY = "iPhone Developer";
				COPY_PHASE_STRIP = NO;
				DEBUG_INFORMATION_FORMAT = dwarf;
				ENABLE_STRICT_OBJC_MSGSEND = YES;
				ENABLE_TESTABILITY = YES;
				GCC_C_LANGUAGE_STANDARD = gnu11;
				GCC_DYNAMIC_NO_PIC = NO;
				GCC_NO_COMMON_BLOCKS = YES;
				GCC_OPTIMIZATION_LEVEL = 0;
				GCC_PREPROCESSOR_DEFINITIONS = (
					"DEBUG=1",
					"$(inherited)",
				);
				GCC_WARN_64_TO_32_BIT_CONVERSION = YES;
				GCC_WARN_ABOUT_RETURN_TYPE = YES_ERROR;
				GCC_WARN_UNDECLARED_SELECTOR = YES;
				GCC_WARN_UNINITIALIZED_AUTOS = YES_AGGRESSIVE;
				GCC_WARN_UNUSED_FUNCTION = YES;
				GCC_WARN_UNUSED_VARIABLE = YES;
				IPHONEOS_DEPLOYMENT_TARGET = 11.4;
				MTL_ENABLE_DEBUG_INFO = YES;
				ONLY_ACTIVE_ARCH = YES;
				SDKROOT = iphoneos;
			};
			name = Debug;
		};
		15988FC0216ED5C700C120FF /* Release */ = {
			isa = XCBuildConfiguration;
			buildSettings = {
				ALWAYS_SEARCH_USER_PATHS = NO;
				CLANG_ANALYZER_NONNULL = YES;
				CLANG_ANALYZER_NUMBER_OBJECT_CONVERSION = YES_AGGRESSIVE;
				CLANG_CXX_LANGUAGE_STANDARD = "gnu++14";
				CLANG_CXX_LIBRARY = "libc++";
				CLANG_ENABLE_MODULES = YES;
				CLANG_ENABLE_OBJC_ARC = YES;
				CLANG_ENABLE_OBJC_WEAK = YES;
				CLANG_WARN_BLOCK_CAPTURE_AUTORELEASING = YES;
				CLANG_WARN_BOOL_CONVERSION = YES;
				CLANG_WARN_COMMA = YES;
				CLANG_WARN_CONSTANT_CONVERSION = YES;
				CLANG_WARN_DEPRECATED_OBJC_IMPLEMENTATIONS = YES;
				CLANG_WARN_DIRECT_OBJC_ISA_USAGE = YES_ERROR;
				CLANG_WARN_DOCUMENTATION_COMMENTS = YES;
				CLANG_WARN_EMPTY_BODY = YES;
				CLANG_WARN_ENUM_CONVERSION = YES;
				CLANG_WARN_INFINITE_RECURSION = YES;
				CLANG_WARN_INT_CONVERSION = YES;
				CLANG_WARN_NON_LITERAL_NULL_CONVERSION = YES;
				CLANG_WARN_OBJC_IMPLICIT_RETAIN_SELF = YES;
				CLANG_WARN_OBJC_LITERAL_CONVERSION = YES;
				CLANG_WARN_OBJC_ROOT_CLASS = YES_ERROR;
				CLANG_WARN_RANGE_LOOP_ANALYSIS = YES;
				CLANG_WARN_STRICT_PROTOTYPES = YES;
				CLANG_WARN_SUSPICIOUS_MOVE = YES;
				CLANG_WARN_UNGUARDED_AVAILABILITY = YES_AGGRESSIVE;
				CLANG_WARN_UNREACHABLE_CODE = YES;
				CLANG_WARN__DUPLICATE_METHOD_MATCH = YES;
				CODE_SIGN_IDENTITY = "iPhone Developer";
				COPY_PHASE_STRIP = NO;
				DEBUG_INFORMATION_FORMAT = "dwarf-with-dsym";
				ENABLE_NS_ASSERTIONS = NO;
				ENABLE_STRICT_OBJC_MSGSEND = YES;
				GCC_C_LANGUAGE_STANDARD = gnu11;
				GCC_NO_COMMON_BLOCKS = YES;
				GCC_WARN_64_TO_32_BIT_CONVERSION = YES;
				GCC_WARN_ABOUT_RETURN_TYPE = YES_ERROR;
				GCC_WARN_UNDECLARED_SELECTOR = YES;
				GCC_WARN_UNINITIALIZED_AUTOS = YES_AGGRESSIVE;
				GCC_WARN_UNUSED_FUNCTION = YES;
				GCC_WARN_UNUSED_VARIABLE = YES;
				IPHONEOS_DEPLOYMENT_TARGET = 11.4;
				MTL_ENABLE_DEBUG_INFO = NO;
				SDKROOT = iphoneos;
				VALIDATE_PRODUCT = YES;
			};
			name = Release;
		};
		15988FC2216ED5C700C120FF /* Debug */ = {
			isa = XCBuildConfiguration;
			buildSettings = {
				ASSETCATALOG_COMPILER_APPICON_NAME = AppIcon;
				CODE_SIGN_STYLE = Automatic;
				INFOPLIST_FILE = gitCSText/Info.plist;
				LD_RUNPATH_SEARCH_PATHS = (
					"$(inherited)",
					"@executable_path/Frameworks",
				);
				PRODUCT_BUNDLE_IDENTIFIER = ZHXuMing.gitCSText;
				PRODUCT_NAME = "$(TARGET_NAME)";
				TARGETED_DEVICE_FAMILY = "1,2";
			};
			name = Debug;
		};
		15988FC3216ED5C700C120FF /* Release */ = {
			isa = XCBuildConfiguration;
			buildSettings = {
				ASSETCATALOG_COMPILER_APPICON_NAME = AppIcon;
				CODE_SIGN_STYLE = Automatic;
				INFOPLIST_FILE = gitCSText/Info.plist;
				LD_RUNPATH_SEARCH_PATHS = (
					"$(inherited)",
					"@executable_path/Frameworks",
				);
				PRODUCT_BUNDLE_IDENTIFIER = ZHXuMing.gitCSText;
				PRODUCT_NAME = "$(TARGET_NAME)";
				TARGETED_DEVICE_FAMILY = "1,2";
			};
			name = Release;
		};
/* End XCBuildConfiguration section */

/* Begin XCConfigurationList section */
		15988FA6216ED5C300C120FF /* Build configuration list for PBXProject "gitCSText" */ = {
			isa = XCConfigurationList;
			buildConfigurations = (
				15988FBF216ED5C700C120FF /* Debug */,
				15988FC0216ED5C700C120FF /* Release */,
			);
			defaultConfigurationIsVisible = 0;
			defaultConfigurationName = Release;
		};
		15988FC1216ED5C700C120FF /* Build configuration list for PBXNativeTarget "gitCSText" */ = {
			isa = XCConfigurationList;
			buildConfigurations = (
				15988FC2216ED5C700C120FF /* Debug */,
				15988FC3216ED5C700C120FF /* Release */,
			);
			defaultConfigurationIsVisible = 0;
			defaultConfigurationName = Release;
		};
/* End XCConfigurationList section */
	};
	rootObject = 15988FA3216ED5C300C120FF /* Project object */;
}
